
Microsoft Visual Studio Solution File, Format Version 11.00
# Visual Studio 2010
Project("{FAE04EC0-301F-11D3-BF4B-00C04F79EFBC}") = "Assembly-CSharp", "Assembly-CSharp.csproj", "{9C56A9EC-9263-5778-8D3E-E76B1773E99A}"
EndProject
Global
	GlobalSection(SolutionConfigurationPlatforms) = preSolution
		Debug|Any CPU = Debug|Any CPU
		Release|Any CPU = Release|Any CPU
	EndGlobalSection
	GlobalSection(ProjectConfigurationPlatforms) = postSolution
		{9C56A9EC-9263-5778-8D3E-E76B1773E99A}.Debug|Any CPU.ActiveCfg = Debug|Any CPU
		{9C56A9EC-9263-5778-8D3E-E76B1773E99A}.Debug|Any CPU.Build.0 = Debug|Any CPU
		{9C56A9EC-9263-5778-8D3E-E76B1773E99A}.Release|Any CPU.ActiveCfg = Release|Any CPU
		{9C56A9EC-9263-5778-8D3E-E76B1773E99A}.Release|Any CPU.Build.0 = Release|Any CPU
	EndGlobalSection
	GlobalSection(SolutionProperties) = preSolution
		HideSolutionNode = FALSE
	EndGlobalSection
EndGlobal
